<Solution>
  <Folder Name="/samples/">
    <Project Path="samples/OpenTui.Samples/OpenTui.Samples.csproj" />
    <Project Path="samples/OpenTui.GitTool/OpenTui.GitTool.csproj" />
    <Project Path="samples/OpenTui.Razor.Samples/OpenTui.Razor.Samples.csproj" />
  </Folder>
  <Folder Name="/src/">
    <Project Path="src/OpenTui.Core/OpenTui.Core.csproj" />
    <Project Path="src/OpenTui.Razor/OpenTui.Razor.csproj" />
  </Folder>
  <Folder Name="/tests/">
    <Project Path="tests/OpenTui.Tests/OpenTui.Tests.csproj" />
  </Folder>
</Solution>
